
Microsoft Visual Studio Solution File, Format Version 12.00
# Visual Studio Version 17
VisualStudioVersion = 17.2.32516.85
MinimumVisualStudioVersion = 10.0.40219.1
Project("{FAE04EC0-301F-11D3-BF4B-00C04F79EFBC}") = "WeatherAPI", "WeatherAPI\WeatherAPI.csproj", "{76268D28-41D1-4526-B8F6-3B56C0927563}"
EndProject
Global
	GlobalSection(SolutionConfigurationPlatforms) = preSolution
		Debug|Any CPU = Debug|Any CPU
		Release|Any CPU = Release|Any CPU
	EndGlobalSection
	GlobalSection(ProjectConfigurationPlatforms) = postSolution
		{76268D28-41D1-4526-B8F6-3B56C0927563}.Debug|Any CPU.ActiveCfg = Debug|Any CPU
		{76268D28-41D1-4526-B8F6-3B56C0927563}.Debug|Any CPU.Build.0 = Debug|Any CPU
		{76268D28-41D1-4526-B8F6-3B56C0927563}.Release|Any CPU.ActiveCfg = Release|Any CPU
		{76268D28-41D1-4526-B8F6-3B56C0927563}.Release|Any CPU.Build.0 = Release|Any CPU
	EndGlobalSection
	GlobalSection(SolutionProperties) = preSolution
		HideSolutionNode = FALSE
	EndGlobalSection
	GlobalSection(ExtensibilityGlobals) = postSolution
		SolutionGuid = {67104C3F-45A3-40FF-BEB8-B1EB59C0F51F}
	EndGlobalSection
EndGlobal
